
Microsoft Visual Studio Solution File, Format Version 12.00
# Visual Studio Version 16
VisualStudioVersion = 16.0.30621.155
MinimumVisualStudioVersion = 10.0.40219.1
Project("{9A19103F-16F7-4668-BE54-9A1E7A4F7556}") = "BookingAPI", "BookingAPI\BookingAPI.csproj", "{A8AB556A-1211-46F6-BDD5-A5E9A1553A01}"
EndProject
Project("{9A19103F-16F7-4668-BE54-9A1E7A4F7556}") = "BookingReact", "BookingReact\BookingReact.csproj", "{3A94C136-A134-499D-B0D4-A038A65352BF}"
EndProject
Project("{FAE04EC0-301F-11D3-BF4B-00C04F79EFBC}") = "EfCoreRelations.Data", "EfCoreRelations.Data\EfCoreRelations.Data.csproj", "{3334C759-8624-4CCD-95CC-ACD107FEDA86}"
EndProject
Global
	GlobalSection(SolutionConfigurationPlatforms) = preSolution
		Debug|Any CPU = Debug|Any CPU
		Release|Any CPU = Release|Any CPU
	EndGlobalSection
	GlobalSection(ProjectConfigurationPlatforms) = postSolution
		{A8AB556A-1211-46F6-BDD5-A5E9A1553A01}.Debug|Any CPU.ActiveCfg = Debug|Any CPU
		{A8AB556A-1211-46F6-BDD5-A5E9A1553A01}.Debug|Any CPU.Build.0 = Debug|Any CPU
		{A8AB556A-1211-46F6-BDD5-A5E9A1553A01}.Release|Any CPU.ActiveCfg = Release|Any CPU
		{A8AB556A-1211-46F6-BDD5-A5E9A1553A01}.Release|Any CPU.Build.0 = Release|Any CPU
		{3A94C136-A134-499D-B0D4-A038A65352BF}.Debug|Any CPU.ActiveCfg = Debug|Any CPU
		{3A94C136-A134-499D-B0D4-A038A65352BF}.Debug|Any CPU.Build.0 = Debug|Any CPU
		{3A94C136-A134-499D-B0D4-A038A65352BF}.Release|Any CPU.ActiveCfg = Release|Any CPU
		{3A94C136-A134-499D-B0D4-A038A65352BF}.Release|Any CPU.Build.0 = Release|Any CPU
		{3334C759-8624-4CCD-95CC-ACD107FEDA86}.Debug|Any CPU.ActiveCfg = Debug|Any CPU
		{3334C759-8624-4CCD-95CC-ACD107FEDA86}.Debug|Any CPU.Build.0 = Debug|Any CPU
		{3334C759-8624-4CCD-95CC-ACD107FEDA86}.Release|Any CPU.ActiveCfg = Release|Any CPU
		{3334C759-8624-4CCD-95CC-ACD107FEDA86}.Release|Any CPU.Build.0 = Release|Any CPU
	EndGlobalSection
	GlobalSection(SolutionProperties) = preSolution
		HideSolutionNode = FALSE
	EndGlobalSection
	GlobalSection(ExtensibilityGlobals) = postSolution
		SolutionGuid = {FD6BD354-B817-4F0B-B5F2-52C43524610A}
	EndGlobalSection
EndGlobal
